// !$*UTF8*$!
{
	archiveVersion = 1;
	classes = {
	};
	objectVersion = 46;
	objects = {

/* Begin PBXBuildFile section */
		44423CE31D1073F9001E2400 /* AppDelegate.swift in Sources */ = {isa = PBXBuildFile; fileRef = 44423CE21D1073F9001E2400 /* AppDelegate.swift */; };
		44423CE51D1073F9001E2400 /* ViewController.swift in Sources */ = {isa = PBXBuildFile; fileRef = 44423CE41D1073F9001E2400 /* ViewController.swift */; };
		44423CE81D1073F9001E2400 /* Main.storyboard in Resources */ = {isa = PBXBuildFile; fileRef = 44423CE61D1073F9001E2400 /* Main.storyboard */; };
		44423CEA1D1073F9001E2400 /* Assets.xcassets in Resources */ = {isa = PBXBuildFile; fileRef = 44423CE91D1073F9001E2400 /* Assets.xcassets */; };
		44423CED1D1073F9001E2400 /* LaunchScreen.storyboard in Resources */ = {isa = PBXBuildFile; fileRef = 44423CEB1D1073F9001E2400 /* LaunchScreen.storyboard */; };
		C70231411D7462E900490E58 /* PushManager.swift in Sources */ = {isa = PBXBuildFile; fileRef = C70231401D7462E900490E58 /* PushManager.swift */; };
/* End PBXBuildFile section */

/* Begin PBXFileReference section */
		1EE3EC6F1D9EB70E0093FD1B /* Trendever.entitlements */ = {isa = PBXFileReference; lastKnownFileType = text.plist.entitlements; path = Trendever.entitlements; sourceTree = "<group>"; };
		44423CDF1D1073F9001E2400 /* Trendever.app */ = {isa = PBXFileReference; explicitFileType = wrapper.application; includeInIndex = 0; path = Trendever.app; sourceTree = BUILT_PRODUCTS_DIR; };
		44423CE21D1073F9001E2400 /* AppDelegate.swift */ = {isa = PBXFileReference; lastKnownFileType = sourcecode.swift; path = AppDelegate.swift; sourceTree = "<group>"; };
		44423CE41D1073F9001E2400 /* ViewController.swift */ = {isa = PBXFileReference; lastKnownFileType = sourcecode.swift; path = ViewController.swift; sourceTree = "<group>"; };
		44423CE71D1073F9001E2400 /* Base */ = {isa = PBXFileReference; lastKnownFileType = file.storyboard; name = Base; path = Base.lproj/Main.storyboard; sourceTree = "<group>"; };
		44423CE91D1073F9001E2400 /* Assets.xcassets */ = {isa = PBXFileReference; lastKnownFileType = folder.assetcatalog; path = Assets.xcassets; sourceTree = "<group>"; };
		44423CEC1D1073F9001E2400 /* Base */ = {isa = PBXFileReference; lastKnownFileType = file.storyboard; name = Base; path = Base.lproj/LaunchScreen.storyboard; sourceTree = "<group>"; };
		44423CEE1D1073F9001E2400 /* Info.plist */ = {isa = PBXFileReference; lastKnownFileType = text.plist.xml; path = Info.plist; sourceTree = "<group>"; };
		C70231401D7462E900490E58 /* PushManager.swift */ = {isa = PBXFileReference; fileEncoding = 4; lastKnownFileType = sourcecode.swift; path = PushManager.swift; sourceTree = "<group>"; };
/* End PBXFileReference section */

/* Begin PBXFrameworksBuildPhase section */
		44423CDC1D1073F9001E2400 /* Frameworks */ = {
			isa = PBXFrameworksBuildPhase;
			buildActionMask = 2147483647;
			files = (
			);
			runOnlyForDeploymentPostprocessing = 0;
		};
/* End PBXFrameworksBuildPhase section */

/* Begin PBXGroup section */
		44423CD61D1073F9001E2400 = {
			isa = PBXGroup;
			children = (
				44423CE11D1073F9001E2400 /* Trendever */,
				44423CE01D1073F9001E2400 /* Products */,
			);
			sourceTree = "<group>";
		};
		44423CE01D1073F9001E2400 /* Products */ = {
			isa = PBXGroup;
			children = (
				44423CDF1D1073F9001E2400 /* Trendever.app */,
			);
			name = Products;
			sourceTree = "<group>";
		};
		44423CE11D1073F9001E2400 /* Trendever */ = {
			isa = PBXGroup;
			children = (
				1EE3EC6F1D9EB70E0093FD1B /* Trendever.entitlements */,
				44423CE21D1073F9001E2400 /* AppDelegate.swift */,
				C70231401D7462E900490E58 /* PushManager.swift */,
				44423CE41D1073F9001E2400 /* ViewController.swift */,
				44423CE61D1073F9001E2400 /* Main.storyboard */,
				44423CE91D1073F9001E2400 /* Assets.xcassets */,
				44423CEB1D1073F9001E2400 /* LaunchScreen.storyboard */,
				44423CEE1D1073F9001E2400 /* Info.plist */,
			);
			path = Trendever;
			sourceTree = "<group>";
		};
/* End PBXGroup section */

/* Begin PBXNativeTarget section */
		44423CDE1D1073F9001E2400 /* Trendever */ = {
			isa = PBXNativeTarget;
			buildConfigurationList = 44423CF11D1073F9001E2400 /* Build configuration list for PBXNativeTarget "Trendever" */;
			buildPhases = (
				44423CDB1D1073F9001E2400 /* Sources */,
				44423CDC1D1073F9001E2400 /* Frameworks */,
				44423CDD1D1073F9001E2400 /* Resources */,
			);
			buildRules = (
			);
			dependencies = (
			);
			name = Trendever;
			productName = Trendever;
			productReference = 44423CDF1D1073F9001E2400 /* Trendever.app */;
			productType = "com.apple.product-type.application";
		};
/* End PBXNativeTarget section */

/* Begin PBXProject section */
		44423CD71D1073F9001E2400 /* Project object */ = {
			isa = PBXProject;
			attributes = {
				KnownAssetTags = (
					New,
				);
				LastSwiftUpdateCheck = 0730;
				LastUpgradeCheck = 0800;
				ORGANIZATIONNAME = Trendever;
				TargetAttributes = {
					44423CDE1D1073F9001E2400 = {
						CreatedOnToolsVersion = 7.3.1;
						DevelopmentTeam = Q3NZW8UV56;
						LastSwiftMigration = 0800;
						ProvisioningStyle = Automatic;
						SystemCapabilities = {
							com.apple.Push = {
								enabled = 1;
							};
						};
					};
				};
			};
			buildConfigurationList = 44423CDA1D1073F9001E2400 /* Build configuration list for PBXProject "Trendever" */;
			compatibilityVersion = "Xcode 3.2";
			developmentRegion = English;
			hasScannedForEncodings = 0;
			knownRegions = (
				en,
				Base,
			);
			mainGroup = 44423CD61D1073F9001E2400;
			productRefGroup = 44423CE01D1073F9001E2400 /* Products */;
			projectDirPath = "";
			projectRoot = "";
			targets = (
				44423CDE1D1073F9001E2400 /* Trendever */,
			);
		};
/* End PBXProject section */

/* Begin PBXResourcesBuildPhase section */
		44423CDD1D1073F9001E2400 /* Resources */ = {
			isa = PBXResourcesBuildPhase;
			buildActionMask = 2147483647;
			files = (
				44423CED1D1073F9001E2400 /* LaunchScreen.storyboard in Resources */,
				44423CEA1D1073F9001E2400 /* Assets.xcassets in Resources */,
				44423CE81D1073F9001E2400 /* Main.storyboard in Resources */,
			);
			runOnlyForDeploymentPostprocessing = 0;
		};
/* End PBXResourcesBuildPhase section */

/* Begin PBXSourcesBuildPhase section */
		44423CDB1D1073F9001E2400 /* Sources */ = {
			isa = PBXSourcesBuildPhase;
			buildActionMask = 2147483647;
			files = (
				C70231411D7462E900490E58 /* PushManager.swift in Sources */,
				44423CE51D1073F9001E2400 /* ViewController.swift in Sources */,
				44423CE31D1073F9001E2400 /* AppDelegate.swift in Sources */,
			);
			runOnlyForDeploymentPostprocessing = 0;
		};
/* End PBXSourcesBuildPhase section */

/* Begin PBXVariantGroup section */
		44423CE61D1073F9001E2400 /* Main.storyboard */ = {
			isa = PBXVariantGroup;
			children = (
				44423CE71D1073F9001E2400 /* Base */,
			);
			name = Main.storyboard;
			sourceTree = "<group>";
		};
		44423CEB1D1073F9001E2400 /* LaunchScreen.storyboard */ = {
			isa = PBXVariantGroup;
			children = (
				44423CEC1D1073F9001E2400 /* Base */,
			);
			name = LaunchScreen.storyboard;
			sourceTree = "<group>";
		};
/* End PBXVariantGroup section */

/* Begin XCBuildConfiguration section */
		44423CEF1D1073F9001E2400 /* Debug */ = {
			isa = XCBuildConfiguration;
			buildSettings = {
				ALWAYS_SEARCH_USER_PATHS = NO;
				CLANG_ANALYZER_NONNULL = YES;
				CLANG_CXX_LANGUAGE_STANDARD = "gnu++0x";
				CLANG_CXX_LIBRARY = "libc++";
				CLANG_ENABLE_MODULES = YES;
				CLANG_ENABLE_OBJC_ARC = YES;
				CLANG_WARN_BOOL_CONVERSION = YES;
				CLANG_WARN_CONSTANT_CONVERSION = YES;
				CLANG_WARN_DIRECT_OBJC_ISA_USAGE = YES_ERROR;
				CLANG_WARN_EMPTY_BODY = YES;
				CLANG_WARN_ENUM_CONVERSION = YES;
				CLANG_WARN_INFINITE_RECURSION = YES;
				CLANG_WARN_INT_CONVERSION = YES;
				CLANG_WARN_OBJC_ROOT_CLASS = YES_ERROR;
				CLANG_WARN_SUSPICIOUS_MOVE = YES;
				CLANG_WARN_UNREACHABLE_CODE = YES;
				CLANG_WARN__DUPLICATE_METHOD_MATCH = YES;
				"CODE_SIGN_IDENTITY[sdk=iphoneos*]" = "iPhone Developer";
				COPY_PHASE_STRIP = NO;
				DEBUG_INFORMATION_FORMAT = dwarf;
				ENABLE_STRICT_OBJC_MSGSEND = YES;
				ENABLE_TESTABILITY = YES;
				GCC_C_LANGUAGE_STANDARD = gnu99;
				GCC_DYNAMIC_NO_PIC = NO;
				GCC_NO_COMMON_BLOCKS = YES;
				GCC_OPTIMIZATION_LEVEL = 0;
				GCC_PREPROCESSOR_DEFINITIONS = (
					"DEBUG=1",
					"$(inherited)",
				);
				GCC_WARN_64_TO_32_BIT_CONVERSION = YES;
				GCC_WARN_ABOUT_RETURN_TYPE = YES_ERROR;
				GCC_WARN_UNDECLARED_SELECTOR = YES;
				GCC_WARN_UNINITIALIZED_AUTOS = YES_AGGRESSIVE;
				GCC_WARN_UNUSED_FUNCTION = YES;
				GCC_WARN_UNUSED_VARIABLE = YES;
				IPHONEOS_DEPLOYMENT_TARGET = 8.0;
				MTL_ENABLE_DEBUG_INFO = YES;
				ONLY_ACTIVE_ARCH = YES;
				SDKROOT = iphoneos;
				SWIFT_OPTIMIZATION_LEVEL = "-Onone";
			};
			name = Debug;
		};
		44423CF01D1073F9001E2400 /* Release */ = {
			isa = XCBuildConfiguration;
			buildSettings = {
				ALWAYS_SEARCH_USER_PATHS = NO;
				CLANG_ANALYZER_NONNULL = YES;
				CLANG_CXX_LANGUAGE_STANDARD = "gnu++0x";
				CLANG_CXX_LIBRARY = "libc++";
				CLANG_ENABLE_MODULES = YES;
				CLANG_ENABLE_OBJC_ARC = YES;
				CLANG_WARN_BOOL_CONVERSION = YES;
				CLANG_WARN_CONSTANT_CONVERSION = YES;
				CLANG_WARN_DIRECT_OBJC_ISA_USAGE = YES_ERROR;
				CLANG_WARN_EMPTY_BODY = YES;
				CLANG_WARN_ENUM_CONVERSION = YES;
				CLANG_WARN_INFINITE_RECURSION = YES;
				CLANG_WARN_INT_CONVERSION = YES;
				CLANG_WARN_OBJC_ROOT_CLASS = YES_ERROR;
				CLANG_WARN_SUSPICIOUS_MOVE = YES;
				CLANG_WARN_UNREACHABLE_CODE = YES;
				CLANG_WARN__DUPLICATE_METHOD_MATCH = YES;
				"CODE_SIGN_IDENTITY[sdk=iphoneos*]" = "iPhone Developer";
				COPY_PHASE_STRIP = NO;
				DEBUG_INFORMATION_FORMAT = "dwarf-with-dsym";
				ENABLE_NS_ASSERTIONS = NO;
				ENABLE_STRICT_OBJC_MSGSEND = YES;
				GCC_C_LANGUAGE_STANDARD = gnu99;
				GCC_NO_COMMON_BLOCKS = YES;
				GCC_WARN_64_TO_32_BIT_CONVERSION = YES;
				GCC_WARN_ABOUT_RETURN_TYPE = YES_ERROR;
				GCC_WARN_UNDECLARED_SELECTOR = YES;
				GCC_WARN_UNINITIALIZED_AUTOS = YES_AGGRESSIVE;
				GCC_WARN_UNUSED_FUNCTION = YES;
				GCC_WARN_UNUSED_VARIABLE = YES;
				IPHONEOS_DEPLOYMENT_TARGET = 8.0;
				MTL_ENABLE_DEBUG_INFO = NO;
				SDKROOT = iphoneos;
				SWIFT_OPTIMIZATION_LEVEL = "-Owholemodule";
				VALIDATE_PRODUCT = YES;
			};
			name = Release;
		};
		44423CF21D1073F9001E2400 /* Debug */ = {
			isa = XCBuildConfiguration;
			buildSettings = {
				ASSETCATALOG_COMPILER_APPICON_NAME = AppIcon;
				CODE_SIGN_ENTITLEMENTS = Trendever/Trendever.entitlements;
				CODE_SIGN_IDENTITY = "iPhone Distribution: Armen Azatyan (Q3NZW8UV56)";
				"CODE_SIGN_IDENTITY[sdk=iphoneos*]" = "iPhone Developer";
				DEVELOPMENT_TEAM = "";
				INFOPLIST_FILE = Trendever/Info.plist;
				IPHONEOS_DEPLOYMENT_TARGET = 8.0;
				LD_RUNPATH_SEARCH_PATHS = "$(inherited) @executable_path/Frameworks";
				MTL_ENABLE_DEBUG_INFO = YES;
				OTHER_SWIFT_FLAGS = "-DDEBUG";
				PRODUCT_BUNDLE_IDENTIFIER = com.trendever.main;
				PRODUCT_NAME = "$(TARGET_NAME)";
				PROVISIONING_PROFILE = "";
				PROVISIONING_PROFILE_SPECIFIER = "";
				SWIFT_VERSION = 2.3;
				TARGETED_DEVICE_FAMILY = 1;
			};
			name = Debug;
		};
		44423CF31D1073F9001E2400 /* Release */ = {
			isa = XCBuildConfiguration;
			buildSettings = {
				ASSETCATALOG_COMPILER_APPICON_NAME = AppIcon;
				CODE_SIGN_ENTITLEMENTS = Trendever/Trendever.entitlements;
				CODE_SIGN_IDENTITY = "iPhone Distribution: Armen Azatyan (Q3NZW8UV56)";
				"CODE_SIGN_IDENTITY[sdk=iphoneos*]" = "iPhone Developer";
				DEVELOPMENT_TEAM = "";
				INFOPLIST_FILE = Trendever/Info.plist;
				IPHONEOS_DEPLOYMENT_TARGET = 8.0;
				LD_RUNPATH_SEARCH_PATHS = "$(inherited) @executable_path/Frameworks";
				MTL_ENABLE_DEBUG_INFO = YES;
				OTHER_SWIFT_FLAGS = "-DRELEASE";
				PRODUCT_BUNDLE_IDENTIFIER = com.trendever.main;
				PRODUCT_NAME = "$(TARGET_NAME)";
				PROVISIONING_PROFILE = "";
				PROVISIONING_PROFILE_SPECIFIER = "";
				SWIFT_VERSION = 2.3;
				TARGETED_DEVICE_FAMILY = 1;
			};
			name = Release;
		};
/* End XCBuildConfiguration section */

/* Begin XCConfigurationList section */
		44423CDA1D1073F9001E2400 /* Build configuration list for PBXProject "Trendever" */ = {
			isa = XCConfigurationList;
			buildConfigurations = (
				44423CEF1D1073F9001E2400 /* Debug */,
				44423CF01D1073F9001E2400 /* Release */,
			);
			defaultConfigurationIsVisible = 0;
			defaultConfigurationName = Release;
		};
		44423CF11D1073F9001E2400 /* Build configuration list for PBXNativeTarget "Trendever" */ = {
			isa = XCConfigurationList;
			buildConfigurations = (
				44423CF21D1073F9001E2400 /* Debug */,
				44423CF31D1073F9001E2400 /* Release */,
			);
			defaultConfigurationIsVisible = 0;
			defaultConfigurationName = Release;
		};
/* End XCConfigurationList section */
	};
	rootObject = 44423CD71D1073F9001E2400 /* Project object */;
}
